// !$*UTF8*$!
{
	archiveVersion = 1;
	classes = {
	};
	objectVersion = 46;
	objects = {

/* Begin PBXBuildFile section */
		139829F11CA3B2A8001071FB /* AppDelegate.swift in Sources */ = {isa = PBXBuildFile; fileRef = 139829F01CA3B2A8001071FB /* AppDelegate.swift */; };
		139829F31CA3B2A8001071FB /* ViewController.swift in Sources */ = {isa = PBXBuildFile; fileRef = 139829F21CA3B2A8001071FB /* ViewController.swift */; };
		139829F61CA3B2A8001071FB /* Main.storyboard in Resources */ = {isa = PBXBuildFile; fileRef = 139829F41CA3B2A8001071FB /* Main.storyboard */; };
		139829F81CA3B2A8001071FB /* Assets.xcassets in Resources */ = {isa = PBXBuildFile; fileRef = 139829F71CA3B2A8001071FB /* Assets.xcassets */; };
		139829FB1CA3B2A8001071FB /* LaunchScreen.storyboard in Resources */ = {isa = PBXBuildFile; fileRef = 139829F91CA3B2A8001071FB /* LaunchScreen.storyboard */; };
/* End PBXBuildFile section */

/* Begin PBXFileReference section */
		139829ED1CA3B2A8001071FB /* Booleans.app */ = {isa = PBXFileReference; explicitFileType = wrapper.application; includeInIndex = 0; path = Booleans.app; sourceTree = BUILT_PRODUCTS_DIR; };
		139829F01CA3B2A8001071FB /* AppDelegate.swift */ = {isa = PBXFileReference; lastKnownFileType = sourcecode.swift; path = AppDelegate.swift; sourceTree = "<group>"; };
		139829F21CA3B2A8001071FB /* ViewController.swift */ = {isa = PBXFileReference; lastKnownFileType = sourcecode.swift; path = ViewController.swift; sourceTree = "<group>"; };
		139829F51CA3B2A8001071FB /* Base */ = {isa = PBXFileReference; lastKnownFileType = file.storyboard; name = Base; path = Base.lproj/Main.storyboard; sourceTree = "<group>"; };
		139829F71CA3B2A8001071FB /* Assets.xcassets */ = {isa = PBXFileReference; lastKnownFileType = folder.assetcatalog; path = Assets.xcassets; sourceTree = "<group>"; };
		139829FA1CA3B2A8001071FB /* Base */ = {isa = PBXFileReference; lastKnownFileType = file.storyboard; name = Base; path = Base.lproj/LaunchScreen.storyboard; sourceTree = "<group>"; };
		139829FC1CA3B2A8001071FB /* Info.plist */ = {isa = PBXFileReference; lastKnownFileType = text.plist.xml; path = Info.plist; sourceTree = "<group>"; };
/* End PBXFileReference section */

/* Begin PBXFrameworksBuildPhase section */
		139829EA1CA3B2A8001071FB /* Frameworks */ = {
			isa = PBXFrameworksBuildPhase;
			buildActionMask = 2147483647;
			files = (
			);
			runOnlyForDeploymentPostprocessing = 0;
		};
/* End PBXFrameworksBuildPhase section */

/* Begin PBXGroup section */
		139829E41CA3B2A8001071FB = {
			isa = PBXGroup;
			children = (
				139829EF1CA3B2A8001071FB /* Booleans */,
				139829EE1CA3B2A8001071FB /* Products */,
			);
			sourceTree = "<group>";
		};
		139829EE1CA3B2A8001071FB /* Products */ = {
			isa = PBXGroup;
			children = (
				139829ED1CA3B2A8001071FB /* Booleans.app */,
			);
			name = Products;
			sourceTree = "<group>";
		};
		139829EF1CA3B2A8001071FB /* Booleans */ = {
			isa = PBXGroup;
			children = (
				139829F01CA3B2A8001071FB /* AppDelegate.swift */,
				139829F21CA3B2A8001071FB /* ViewController.swift */,
				139829F41CA3B2A8001071FB /* Main.storyboard */,
				139829F71CA3B2A8001071FB /* Assets.xcassets */,
				139829F91CA3B2A8001071FB /* LaunchScreen.storyboard */,
				139829FC1CA3B2A8001071FB /* Info.plist */,
			);
			path = Booleans;
			sourceTree = "<group>";
		};
/* End PBXGroup section */

/* Begin PBXNativeTarget section */
		139829EC1CA3B2A8001071FB /* Booleans */ = {
			isa = PBXNativeTarget;
			buildConfigurationList = 139829FF1CA3B2A8001071FB /* Build configuration list for PBXNativeTarget "Booleans" */;
			buildPhases = (
				139829E91CA3B2A8001071FB /* Sources */,
				139829EA1CA3B2A8001071FB /* Frameworks */,
				139829EB1CA3B2A8001071FB /* Resources */,
			);
			buildRules = (
			);
			dependencies = (
			);
			name = Booleans;
			productName = Booleans;
			productReference = 139829ED1CA3B2A8001071FB /* Booleans.app */;
			productType = "com.apple.product-type.application";
		};
/* End PBXNativeTarget section */

/* Begin PBXProject section */
		139829E51CA3B2A8001071FB /* Project object */ = {
			isa = PBXProject;
			attributes = {
				LastSwiftUpdateCheck = 0730;
				LastUpgradeCheck = 0730;
				ORGANIZATIONNAME = edu.self;
				TargetAttributes = {
					139829EC1CA3B2A8001071FB = {
						CreatedOnToolsVersion = 7.3;
					};
				};
			};
			buildConfigurationList = 139829E81CA3B2A8001071FB /* Build configuration list for PBXProject "Booleans" */;
			compatibilityVersion = "Xcode 3.2";
			developmentRegion = English;
			hasScannedForEncodings = 0;
			knownRegions = (
				en,
				Base,
			);
			mainGroup = 139829E41CA3B2A8001071FB;
			productRefGroup = 139829EE1CA3B2A8001071FB /* Products */;
			projectDirPath = "";
			projectRoot = "";
			targets = (
				139829EC1CA3B2A8001071FB /* Booleans */,
			);
		};
/* End PBXProject section */

/* Begin PBXResourcesBuildPhase section */
		139829EB1CA3B2A8001071FB /* Resources */ = {
			isa = PBXResourcesBuildPhase;
			buildActionMask = 2147483647;
			files = (
				139829FB1CA3B2A8001071FB /* LaunchScreen.storyboard in Resources */,
				139829F81CA3B2A8001071FB /* Assets.xcassets in Resources */,
				139829F61CA3B2A8001071FB /* Main.storyboard in Resources */,
			);
			runOnlyForDeploymentPostprocessing = 0;
		};
/* End PBXResourcesBuildPhase section */

/* Begin PBXSourcesBuildPhase section */
		139829E91CA3B2A8001071FB /* Sources */ = {
			isa = PBXSourcesBuildPhase;
			buildActionMask = 2147483647;
			files = (
				139829F31CA3B2A8001071FB /* ViewController.swift in Sources */,
				139829F11CA3B2A8001071FB /* AppDelegate.swift in Sources */,
			);
			runOnlyForDeploymentPostprocessing = 0;
		};
/* End PBXSourcesBuildPhase section */

/* Begin PBXVariantGroup section */
		139829F41CA3B2A8001071FB /* Main.storyboard */ = {
			isa = PBXVariantGroup;
			children = (
				139829F51CA3B2A8001071FB /* Base */,
			);
			name = Main.storyboard;
			sourceTree = "<group>";
		};
		139829F91CA3B2A8001071FB /* LaunchScreen.storyboard */ = {
			isa = PBXVariantGroup;
			children = (
				139829FA1CA3B2A8001071FB /* Base */,
			);
			name = LaunchScreen.storyboard;
			sourceTree = "<group>";
		};
/* End PBXVariantGroup section */

/* Begin XCBuildConfiguration section */
		139829FD1CA3B2A8001071FB /* Debug */ = {
			isa = XCBuildConfiguration;
			buildSettings = {
				ALWAYS_SEARCH_USER_PATHS = NO;
				CLANG_ANALYZER_NONNULL = YES;
				CLANG_CXX_LANGUAGE_STANDARD = "gnu++0x";
				CLANG_CXX_LIBRARY = "libc++";
				CLANG_ENABLE_MODULES = YES;
				CLANG_ENABLE_OBJC_ARC = YES;
				CLANG_WARN_BOOL_CONVERSION = YES;
				CLANG_WARN_CONSTANT_CONVERSION = YES;
				CLANG_WARN_DIRECT_OBJC_ISA_USAGE = YES_ERROR;
				CLANG_WARN_EMPTY_BODY = YES;
				CLANG_WARN_ENUM_CONVERSION = YES;
				CLANG_WARN_INT_CONVERSION = YES;
				CLANG_WARN_OBJC_ROOT_CLASS = YES_ERROR;
				CLANG_WARN_UNREACHABLE_CODE = YES;
				CLANG_WARN__DUPLICATE_METHOD_MATCH = YES;
				"CODE_SIGN_IDENTITY[sdk=iphoneos*]" = "iPhone Developer";
				COPY_PHASE_STRIP = NO;
				DEBUG_INFORMATION_FORMAT = dwarf;
				ENABLE_STRICT_OBJC_MSGSEND = YES;
				ENABLE_TESTABILITY = YES;
				GCC_C_LANGUAGE_STANDARD = gnu99;
				GCC_DYNAMIC_NO_PIC = NO;
				GCC_NO_COMMON_BLOCKS = YES;
				GCC_OPTIMIZATION_LEVEL = 0;
				GCC_PREPROCESSOR_DEFINITIONS = (
					"DEBUG=1",
					"$(inherited)",
				);
				GCC_WARN_64_TO_32_BIT_CONVERSION = YES;
				GCC_WARN_ABOUT_RETURN_TYPE = YES_ERROR;
				GCC_WARN_UNDECLARED_SELECTOR = YES;
				GCC_WARN_UNINITIALIZED_AUTOS = YES_AGGRESSIVE;
				GCC_WARN_UNUSED_FUNCTION = YES;
				GCC_WARN_UNUSED_VARIABLE = YES;
				IPHONEOS_DEPLOYMENT_TARGET = 9.3;
				MTL_ENABLE_DEBUG_INFO = YES;
				ONLY_ACTIVE_ARCH = YES;
				SDKROOT = iphoneos;
				SWIFT_OPTIMIZATION_LEVEL = "-Onone";
			};
			name = Debug;
		};
		139829FE1CA3B2A8001071FB /* Release */ = {
			isa = XCBuildConfiguration;
			buildSettings = {
				ALWAYS_SEARCH_USER_PATHS = NO;
				CLANG_ANALYZER_NONNULL = YES;
				CLANG_CXX_LANGUAGE_STANDARD = "gnu++0x";
				CLANG_CXX_LIBRARY = "libc++";
				CLANG_ENABLE_MODULES = YES;
				CLANG_ENABLE_OBJC_ARC = YES;
				CLANG_WARN_BOOL_CONVERSION = YES;
				CLANG_WARN_CONSTANT_CONVERSION = YES;
				CLANG_WARN_DIRECT_OBJC_ISA_USAGE = YES_ERROR;
				CLANG_WARN_EMPTY_BODY = YES;
				CLANG_WARN_ENUM_CONVERSION = YES;
				CLANG_WARN_INT_CONVERSION = YES;
				CLANG_WARN_OBJC_ROOT_CLASS = YES_ERROR;
				CLANG_WARN_UNREACHABLE_CODE = YES;
				CLANG_WARN__DUPLICATE_METHOD_MATCH = YES;
				"CODE_SIGN_IDENTITY[sdk=iphoneos*]" = "iPhone Developer";
				COPY_PHASE_STRIP = NO;
				DEBUG_INFORMATION_FORMAT = "dwarf-with-dsym";
				ENABLE_NS_ASSERTIONS = NO;
				ENABLE_STRICT_OBJC_MSGSEND = YES;
				GCC_C_LANGUAGE_STANDARD = gnu99;
				GCC_NO_COMMON_BLOCKS = YES;
				GCC_WARN_64_TO_32_BIT_CONVERSION = YES;
				GCC_WARN_ABOUT_RETURN_TYPE = YES_ERROR;
				GCC_WARN_UNDECLARED_SELECTOR = YES;
				GCC_WARN_UNINITIALIZED_AUTOS = YES_AGGRESSIVE;
				GCC_WARN_UNUSED_FUNCTION = YES;
				GCC_WARN_UNUSED_VARIABLE = YES;
				IPHONEOS_DEPLOYMENT_TARGET = 9.3;
				MTL_ENABLE_DEBUG_INFO = NO;
				SDKROOT = iphoneos;
				VALIDATE_PRODUCT = YES;
			};
			name = Release;
		};
		13982A001CA3B2A8001071FB /* Debug */ = {
			isa = XCBuildConfiguration;
			buildSettings = {
				ASSETCATALOG_COMPILER_APPICON_NAME = AppIcon;
				INFOPLIST_FILE = Booleans/Info.plist;
				LD_RUNPATH_SEARCH_PATHS = "$(inherited) @executable_path/Frameworks";
				PRODUCT_BUNDLE_IDENTIFIER = edu.self.Booleans;
				PRODUCT_NAME = "$(TARGET_NAME)";
			};
			name = Debug;
		};
		13982A011CA3B2A8001071FB /* Release */ = {
			isa = XCBuildConfiguration;
			buildSettings = {
				ASSETCATALOG_COMPILER_APPICON_NAME = AppIcon;
				INFOPLIST_FILE = Booleans/Info.plist;
				LD_RUNPATH_SEARCH_PATHS = "$(inherited) @executable_path/Frameworks";
				PRODUCT_BUNDLE_IDENTIFIER = edu.self.Booleans;
				PRODUCT_NAME = "$(TARGET_NAME)";
			};
			name = Release;
		};
/* End XCBuildConfiguration section */

/* Begin XCConfigurationList section */
		139829E81CA3B2A8001071FB /* Build configuration list for PBXProject "Booleans" */ = {
			isa = XCConfigurationList;
			buildConfigurations = (
				139829FD1CA3B2A8001071FB /* Debug */,
				139829FE1CA3B2A8001071FB /* Release */,
			);
			defaultConfigurationIsVisible = 0;
			defaultConfigurationName = Release;
		};
		139829FF1CA3B2A8001071FB /* Build configuration list for PBXNativeTarget "Booleans" */ = {
			isa = XCConfigurationList;
			buildConfigurations = (
				13982A001CA3B2A8001071FB /* Debug */,
				13982A011CA3B2A8001071FB /* Release */,
			);
			defaultConfigurationIsVisible = 0;
		};
/* End XCConfigurationList section */
	};
	rootObject = 139829E51CA3B2A8001071FB /* Project object */;
}
